github.com/PlanterApp/hugo-PaperModX v0.0.0-20231004140527-7746843d67c5 h1:sifmUMNT9r34z0N5lmvnZem+zSMQV8wr+Cc4+Wjnh4U=
github.com/PlanterApp/hugo-PaperModX v0.0.0-20231004140527-7746843d67c5/go.mod h1:afeC5aFB07KU/CSFqGk2NRw549o1gqjLPfww4J++oD0=
github.com/martignoni/hugo-notice v0.0.0-20230829114050-2d7d7460bc60 h1:cPU84OKIQJMEfuvgbAem94J5YDn3UBDrth17VM9I0QA=
github.com/martignoni/hugo-notice v0.0.0-20230829114050-2d7d7460bc60/go.mod h1:MIQPOMgEcbyRC0gNLzQFSgrS+wIy3RuQ/HbaZYtTOKU=
